
Microsoft Visual Studio Solution File, Format Version 12.00
# Visual Studio Version 17
VisualStudioVersion = 17.0.31903.59
MinimumVisualStudioVersion = 10.0.40219.1
Project("{2150E333-8FDC-42A3-9474-1A3956D46DE8}") = "src", "src", "{0B03282A-0BB7-4F7F-8B20-6A8B357344AB}"
EndProject
Project("{FAE04EC0-301F-11D3-BF4B-00C04F79EFBC}") = "UPACIP.Domain", "src\UPACIP.Domain\UPACIP.Domain.csproj", "{19B0CEF6-0389-4E87-BC40-EA8548083EF1}"
EndProject
Project("{FAE04EC0-301F-11D3-BF4B-00C04F79EFBC}") = "UPACIP.Application", "src\UPACIP.Application\UPACIP.Application.csproj", "{2A20A8D4-9E17-4991-A993-9E2401570A28}"
EndProject
Project("{FAE04EC0-301F-11D3-BF4B-00C04F79EFBC}") = "UPACIP.Infrastructure", "src\UPACIP.Infrastructure\UPACIP.Infrastructure.csproj", "{261E2AD7-6C0B-47AE-B8C3-A39E18C42CB9}"
EndProject
Project("{FAE04EC0-301F-11D3-BF4B-00C04F79EFBC}") = "UPACIP.API", "src\UPACIP.API\UPACIP.API.csproj", "{7679D9E6-EB9B-42DD-8196-4936C7FFB291}"
EndProject
Project("{2150E333-8FDC-42A3-9474-1A3956D46DE8}") = "tests", "tests", "{7D9DF9A8-D80D-498B-8337-5253C7FB4891}"
EndProject
Project("{FAE04EC0-301F-11D3-BF4B-00C04F79EFBC}") = "UPACIP.Tests", "tests\UPACIP.Tests\UPACIP.Tests.csproj", "{1085C9B5-7173-4E42-B5A8-337523ED8788}"
EndProject
Global
	GlobalSection(SolutionConfigurationPlatforms) = preSolution
		Debug|Any CPU = Debug|Any CPU
		Release|Any CPU = Release|Any CPU
	EndGlobalSection
	GlobalSection(SolutionProperties) = preSolution
		HideSolutionNode = FALSE
	EndGlobalSection
	GlobalSection(ProjectConfigurationPlatforms) = postSolution
		{19B0CEF6-0389-4E87-BC40-EA8548083EF1}.Debug|Any CPU.ActiveCfg = Debug|Any CPU
		{19B0CEF6-0389-4E87-BC40-EA8548083EF1}.Debug|Any CPU.Build.0 = Debug|Any CPU
		{19B0CEF6-0389-4E87-BC40-EA8548083EF1}.Release|Any CPU.ActiveCfg = Release|Any CPU
		{19B0CEF6-0389-4E87-BC40-EA8548083EF1}.Release|Any CPU.Build.0 = Release|Any CPU
		{2A20A8D4-9E17-4991-A993-9E2401570A28}.Debug|Any CPU.ActiveCfg = Debug|Any CPU
		{2A20A8D4-9E17-4991-A993-9E2401570A28}.Debug|Any CPU.Build.0 = Debug|Any CPU
		{2A20A8D4-9E17-4991-A993-9E2401570A28}.Release|Any CPU.ActiveCfg = Release|Any CPU
		{2A20A8D4-9E17-4991-A993-9E2401570A28}.Release|Any CPU.Build.0 = Release|Any CPU
		{261E2AD7-6C0B-47AE-B8C3-A39E18C42CB9}.Debug|Any CPU.ActiveCfg = Debug|Any CPU
		{261E2AD7-6C0B-47AE-B8C3-A39E18C42CB9}.Debug|Any CPU.Build.0 = Debug|Any CPU
		{261E2AD7-6C0B-47AE-B8C3-A39E18C42CB9}.Release|Any CPU.ActiveCfg = Release|Any CPU
		{261E2AD7-6C0B-47AE-B8C3-A39E18C42CB9}.Release|Any CPU.Build.0 = Release|Any CPU
		{7679D9E6-EB9B-42DD-8196-4936C7FFB291}.Debug|Any CPU.ActiveCfg = Debug|Any CPU
		{7679D9E6-EB9B-42DD-8196-4936C7FFB291}.Debug|Any CPU.Build.0 = Debug|Any CPU
		{7679D9E6-EB9B-42DD-8196-4936C7FFB291}.Release|Any CPU.ActiveCfg = Release|Any CPU
		{7679D9E6-EB9B-42DD-8196-4936C7FFB291}.Release|Any CPU.Build.0 = Release|Any CPU
		{1085C9B5-7173-4E42-B5A8-337523ED8788}.Debug|Any CPU.ActiveCfg = Debug|Any CPU
		{1085C9B5-7173-4E42-B5A8-337523ED8788}.Debug|Any CPU.Build.0 = Debug|Any CPU
		{1085C9B5-7173-4E42-B5A8-337523ED8788}.Release|Any CPU.ActiveCfg = Release|Any CPU
		{1085C9B5-7173-4E42-B5A8-337523ED8788}.Release|Any CPU.Build.0 = Release|Any CPU
	EndGlobalSection
	GlobalSection(NestedProjects) = preSolution
		{19B0CEF6-0389-4E87-BC40-EA8548083EF1} = {0B03282A-0BB7-4F7F-8B20-6A8B357344AB}
		{2A20A8D4-9E17-4991-A993-9E2401570A28} = {0B03282A-0BB7-4F7F-8B20-6A8B357344AB}
		{261E2AD7-6C0B-47AE-B8C3-A39E18C42CB9} = {0B03282A-0BB7-4F7F-8B20-6A8B357344AB}
		{7679D9E6-EB9B-42DD-8196-4936C7FFB291} = {0B03282A-0BB7-4F7F-8B20-6A8B357344AB}
		{1085C9B5-7173-4E42-B5A8-337523ED8788} = {7D9DF9A8-D80D-498B-8337-5253C7FB4891}
	EndGlobalSection
EndGlobal
